<?xml version="1.0" encoding="utf-8"?>
<Project ToolsVersion="4.0" xmlns="http://schemas.microsoft.com/developer/msbuild/2003">
  <ItemGroup>
    <Filter Include="Source Files">
      <UniqueIdentifier>{4FC737F1-C7A5-4376-A066-2A32D752A2FF}</UniqueIdentifier>
      <Extensions>cpp;c;cc;cxx;def;odl;idl;hpj;bat;asm;asmx</Extensions>
    </Filter>
    <Filter Include="Header Files">
      <UniqueIdentifier>{93995380-89BD-4b04-88EB-625FBE52EBFB}</UniqueIdentifier>
      <Extensions>h;hpp;hxx;hm;inl;inc;xsd</Extensions>
    </Filter>
    <Filter Include="Resource Files">
      <UniqueIdentifier>{67DA6AB6-F800-4c08-8B7A-83BB121AAD01}</UniqueIdentifier>
      <Extensions>rc;ico;cur;bmp;dlg;rc2;rct;bin;rgs;gif;jpg;jpeg;jpe;resx;tiff;tif;png;wav;mfcribbon-ms</Extensions>
    </Filter>
  </ItemGroup>
  <ItemGroup>
    <ClCompile Include="src\main.cpp">
      <Filter>Source Files</Filter>
    </ClCompile>
    <ClCompile Include="src\Support\MemoryPool.cpp">
      <Filter>Source Files</Filter>
    </ClCompile>
    <ClCompile Include="src\Support\Memory.cpp">
      <Filter>Source Files</Filter>
    </ClCompile>
    <ClCompile Include="src\Support\MemoryAPI.cpp">
      <Filter>Source Files</Filter>
    </ClCompile>
    <ClCompile Include="src\Support\Threading\ThreadLocal.cpp">
      <Filter>Source Files</Filter>
    </ClCompile>
    <ClCompile Include="src\Pipeline\Pipeline.cpp">
      <Filter>Source Files</Filter>
    </ClCompile>
    <ClCompile Include="src\Support\ProjectSettingsParser.cpp">
      <Filter>Source Files</Filter>
    </ClCompile>
    <ClCompile Include="src\Support\File\FileSystem.cpp">
      <Filter>Source Files</Filter>
    </ClCompile>
    <ClCompile Include="src\Support\Platform\Windows.cpp">
      <Filter>Source Files</Filter>
    </ClCompile>
    <ClCompile Include="src\Support\Diagnostic.cpp">
      <Filter>Source Files</Filter>
    </ClCompile>
    <ClCompile Include="src\Support\Localization.cpp">
      <Filter>Source Files</Filter>
    </ClCompile>
    <ClCompile Include="src\Support\SourceLoc.cpp">
      <Filter>Source Files</Filter>
    </ClCompile>
    <ClCompile Include="src\Support\Twine.cpp">
      <Filter>Source Files</Filter>
    </ClCompile>
    <ClCompile Include="src\Pipeline\ModuleContext.cpp">
      <Filter>Source Files</Filter>
    </ClCompile>
    <ClCompile Include="src\Support\Threading\Atomic.cpp">
      <Filter>Source Files</Filter>
    </ClCompile>
    <ClCompile Include="src\Support\Threading\Monitor.cpp">
      <Filter>Source Files</Filter>
    </ClCompile>
    <ClCompile Include="src\Support\Threading\Mutex.cpp">
      <Filter>Source Files</Filter>
    </ClCompile>
    <ClCompile Include="src\Support\Threading\SpinLock.cpp">
      <Filter>Source Files</Filter>
    </ClCompile>
    <ClCompile Include="src\Support\Threading\Thread.cpp">
      <Filter>Source Files</Filter>
    </ClCompile>
    <ClCompile Include="src\Support\Threading\ThreadPool.cpp">
      <Filter>Source Files</Filter>
    </ClCompile>
    <ClCompile Include="src\Pipeline\ModuleContextJob.cpp">
      <Filter>Source Files</Filter>
    </ClCompile>
    <ClCompile Include="src\Parser\LexerError.cpp">
      <Filter>Source Files</Filter>
    </ClCompile>
    <ClCompile Include="src\Parser\RunLexer.cpp">
      <Filter>Source Files</Filter>
    </ClCompile>
    <ClCompile Include="src\Parser\Token.cpp">
      <Filter>Source Files</Filter>
    </ClCompile>
    <ClCompile Include="src\lexx\lexer.cpp">
      <Filter>Source Files</Filter>
    </ClCompile>
    <ClCompile Include="src\Parser\ParserError.cpp">
      <Filter>Source Files</Filter>
    </ClCompile>
    <ClCompile Include="src\Parser\RunParser.cpp">
      <Filter>Source Files</Filter>
    </ClCompile>
    <ClCompile Include="src\parsx\parser_compile.cpp">
      <Filter>Source Files</Filter>
    </ClCompile>
    <ClCompile Include="src\Support\QualID.cpp">
      <Filter>Source Files</Filter>
    </ClCompile>
    <ClCompile Include="src\Support\SafeMath.cpp">
      <Filter>Source Files</Filter>
    </ClCompile>
    <ClCompile Include="src\Support\Threading\Dataflow.cpp">
      <Filter>Source Files</Filter>
    </ClCompile>
    <ClCompile Include="src\IR\ImportBloomFilter.cpp">
      <Filter>Source Files</Filter>
    </ClCompile>
    <ClCompile Include="src\IR\Compiler\IRBuilder.cpp">
      <Filter>Source Files</Filter>
    </ClCompile>
    <ClCompile Include="src\IR\Compiler\NameResolver.cpp">
      <Filter>Source Files</Filter>
    </ClCompile>
    <ClCompile Include="src\IR\Export.cpp">
      <Filter>Source Files</Filter>
    </ClCompile>
    <ClCompile Include="src\IR\Compiler\LayoutBuilder.cpp">
      <Filter>Source Files</Filter>
    </ClCompile>
    <ClCompile Include="src\IR\Compiler\PrepareDataflow.cpp">
      <Filter>Source Files</Filter>
    </ClCompile>
    <ClCompile Include="src\IR\Class.cpp">
      <Filter>Source Files</Filter>
    </ClCompile>
    <ClCompile Include="src\IR\Interface.cpp">
      <Filter>Source Files</Filter>
    </ClCompile>
    <ClCompile Include="src\IR\Compiler\InstrCompiler.cpp">
      <Filter>Source Files</Filter>
    </ClCompile>
    <ClCompile Include="src\IR\Compiler\ModuleInstrCompiler.cpp">
      <Filter>Source Files</Filter>
    </ClCompile>
    <ClCompile Include="src\IR\Instr\Type.cpp">
      <Filter>Source Files</Filter>
    </ClCompile>
    <ClCompile Include="src\IR\Instr\Instr.cpp">
      <Filter>Source Files</Filter>
    </ClCompile>
    <ClCompile Include="src\IR\Compiler\LexicalScope.cpp">
      <Filter>Source Files</Filter>
    </ClCompile>
    <ClCompile Include="src\IR\Instr\FunctionFrame.cpp">
      <Filter>Source Files</Filter>
    </ClCompile>
    <ClCompile Include="src\IR\Instr\Coercion.cpp">
      <Filter>Source Files</Filter>
    </ClCompile>
    <ClCompile Include="src\IR\Compiler\InstrCompilerTypes.cpp">
      <Filter>Source Files</Filter>
    </ClCompile>
    <ClCompile Include="src\IR\Instr\Compare.cpp">
      <Filter>Source Files</Filter>
    </ClCompile>
    <ClCompile Include="src\Support\Format.cpp">
      <Filter>Source Files</Filter>
    </ClCompile>
    <ClCompile Include="src\Backend\LLVM\LLVMBackend.cpp">
      <Filter>Source Files</Filter>
    </ClCompile>
    <ClCompile Include="src\Backend\LLVM\LLVMContext.cpp">
      <Filter>Source Files</Filter>
    </ClCompile>
    <ClCompile Include="src\Backend\LLVM\LLVMModule.cpp">
      <Filter>Source Files</Filter>
    </ClCompile>
    <ClCompile Include="src\Backend\LLVM\FunctionCompiler.cpp">
      <Filter>Source Files</Filter>
    </ClCompile>
    <ClCompile Include="src\Backend\LLVM\ModuleArchive.cpp">
      <Filter>Source Files</Filter>
    </ClCompile>
    <ClCompile Include="src\Backend\LLVM\LLVMModuleInfo.cpp">
      <Filter>Source Files</Filter>
    </ClCompile>
    <ClCompile Include="src\Backend\LLVM\LLVMCompileTarget.cpp">
      <Filter>Source Files</Filter>
    </ClCompile>
    <ClCompile Include="src\Backend\LLVM\JIT\JITEngine.cpp">
      <Filter>Source Files</Filter>
    </ClCompile>
    <ClCompile Include="src\Backend\LLVM\CompilationTarget.cpp">
      <Filter>Source Files</Filter>
    </ClCompile>
    <ClCompile Include="src\IR\Instr\Builtin.cpp">
      <Filter>Source Files</Filter>
    </ClCompile>
    <ClCompile Include="src\Backend\LLVM\InterfaceLayout.cpp">
      <Filter>Source Files</Filter>
    </ClCompile>
    <ClCompile Include="src\Backend\LLVM\ClassLayout.cpp">
      <Filter>Source Files</Filter>
    </ClCompile>
    <ClCompile Include="src\IR\Compiler\MatchTreeCompiler.cpp">
      <Filter>Source Files</Filter>
    </ClCompile>
  </ItemGroup>
  <ItemGroup>
    <ClInclude Include="include\Pipeline\ProjectSettings.h">
      <Filter>Header Files</Filter>
    </ClInclude>
    <ClInclude Include="include\Support\StringRef.h">
      <Filter>Header Files</Filter>
    </ClInclude>
    <ClInclude Include="include\Support\Types.h">
      <Filter>Header Files</Filter>
    </ClInclude>
    <ClInclude Include="include\Support\BuildSettings.h">
      <Filter>Header Files</Filter>
    </ClInclude>
    <ClInclude Include="include\Support\Ordering.h">
      <Filter>Header Files</Filter>
    </ClInclude>
    <ClInclude Include="include\Support\ArrayRef.h">
      <Filter>Header Files</Filter>
    </ClInclude>
    <ClInclude Include="include\Pipeline\Target.h">
      <Filter>Header Files</Filter>
    </ClInclude>
    <ClInclude Include="include\Pipeline\Archive.h">
      <Filter>Header Files</Filter>
    </ClInclude>
    <ClInclude Include="include\Support\MemoryPool.h">
      <Filter>Header Files</Filter>
    </ClInclude>
    <ClInclude Include="include\Support\Memory.h">
      <Filter>Header Files</Filter>
    </ClInclude>
    <ClInclude Include="include\Support\MemoryAPI.h">
      <Filter>Header Files</Filter>
    </ClInclude>
    <ClInclude Include="include\Support\Threading\ThreadLocal.h">
      <Filter>Header Files</Filter>
    </ClInclude>
    <ClInclude Include="include\Pipeline\ProjectSettingsParser.h">
      <Filter>Header Files</Filter>
    </ClInclude>
    <ClInclude Include="include\Support\Container\ArrayList.h">
      <Filter>Header Files</Filter>
    </ClInclude>
    <ClInclude Include="include\Support\String\ParseString.h">
      <Filter>Header Files</Filter>
    </ClInclude>
    <ClInclude Include="include\Support\Container\CappedArray.h">
      <Filter>Header Files</Filter>
    </ClInclude>
    <ClInclude Include="include\Support\String\ParseQualID.h">
      <Filter>Header Files</Filter>
    </ClInclude>
    <ClInclude Include="include\Support\QualID.h">
      <Filter>Header Files</Filter>
    </ClInclude>
    <ClInclude Include="include\Pipeline\Pipeline.h">
      <Filter>Header Files</Filter>
    </ClInclude>
    <ClInclude Include="include\Support\File\FileSystem.h">
      <Filter>Header Files</Filter>
    </ClInclude>
    <ClInclude Include="include\Support\Platform\Windows.h">
      <Filter>Header Files</Filter>
    </ClInclude>
    <ClInclude Include="include\Support\Obligation.h">
      <Filter>Header Files</Filter>
    </ClInclude>
    <ClInclude Include="include\Support\Diagnostic.h">
      <Filter>Header Files</Filter>
    </ClInclude>
    <ClInclude Include="include\Support\SourceLoc.h">
      <Filter>Header Files</Filter>
    </ClInclude>
    <ClInclude Include="include\Support\Localization.h">
      <Filter>Header Files</Filter>
    </ClInclude>
    <ClInclude Include="include\Support\Match.h">
      <Filter>Header Files</Filter>
    </ClInclude>
    <ClInclude Include="include\Support\Macros.h">
      <Filter>Header Files</Filter>
    </ClInclude>
    <ClInclude Include="include\Support\Container\SearchTree.h">
      <Filter>Header Files</Filter>
    </ClInclude>
    <ClInclude Include="include\Support\Twine.h">
      <Filter>Header Files</Filter>
    </ClInclude>
    <ClInclude Include="include\Pipeline\ModuleContext.h">
      <Filter>Header Files</Filter>
    </ClInclude>
    <ClInclude Include="include\Support\Threading\Atomic.h">
      <Filter>Header Files</Filter>
    </ClInclude>
    <ClInclude Include="include\Support\Threading\Monitor.h">
      <Filter>Header Files</Filter>
    </ClInclude>
    <ClInclude Include="include\Support\Threading\Mutex.h">
      <Filter>Header Files</Filter>
    </ClInclude>
    <ClInclude Include="include\Support\Threading\SpinLock.h">
      <Filter>Header Files</Filter>
    </ClInclude>
    <ClInclude Include="include\Support\Threading\Thread.h">
      <Filter>Header Files</Filter>
    </ClInclude>
    <ClInclude Include="include\Support\Threading\ThreadPool.h">
      <Filter>Header Files</Filter>
    </ClInclude>
    <ClInclude Include="include\Pipeline\ModuleContextJob.h">
      <Filter>Header Files</Filter>
    </ClInclude>
    <ClInclude Include="include\Pipeline\ModuleSource.h">
      <Filter>Header Files</Filter>
    </ClInclude>
    <ClInclude Include="include\Pipeline\ModuleObject.h">
      <Filter>Header Files</Filter>
    </ClInclude>
    <ClInclude Include="include\Parser\LexerError.h">
      <Filter>Header Files</Filter>
    </ClInclude>
    <ClInclude Include="include\Parser\Token.h">
      <Filter>Header Files</Filter>
    </ClInclude>
    <ClInclude Include="include\Parser\RunLexer.h">
      <Filter>Header Files</Filter>
    </ClInclude>
    <ClInclude Include="include\Parser\LexerImpl.h">
      <Filter>Header Files</Filter>
    </ClInclude>
    <ClInclude Include="include\Parser\ParserError.h">
      <Filter>Header Files</Filter>
    </ClInclude>
    <ClInclude Include="include\Parser\RunParser.h">
      <Filter>Header Files</Filter>
    </ClInclude>
    <ClInclude Include="include\Parser\AST\Module.h">
      <Filter>Header Files</Filter>
    </ClInclude>
    <ClInclude Include="src\parsx\parsx_declare_parser.h">
      <Filter>Header Files</Filter>
    </ClInclude>
    <ClInclude Include="src\parsx\parser_config.h">
      <Filter>Header Files</Filter>
    </ClInclude>
    <ClInclude Include="src\parsx\parsx_parser.h">
      <Filter>Header Files</Filter>
    </ClInclude>
    <ClInclude Include="include\Parser\AST\AST.h">
      <Filter>Header Files</Filter>
    </ClInclude>
    <ClInclude Include="include\Parser\AST\Common.h">
      <Filter>Header Files</Filter>
    </ClInclude>
    <ClInclude Include="include\Parser\AST\Function.h">
      <Filter>Header Files</Filter>
    </ClInclude>
    <ClInclude Include="include\Parser\AST\Type.h">
      <Filter>Header Files</Filter>
    </ClInclude>
    <ClInclude Include="include\Parser\AST\Expr.h">
      <Filter>Header Files</Filter>
    </ClInclude>
    <ClInclude Include="include\Parser\AST\Stmt.h">
      <Filter>Header Files</Filter>
    </ClInclude>
    <ClInclude Include="include\Parser\AST\Pattern.h">
      <Filter>Header Files</Filter>
    </ClInclude>
    <ClInclude Include="include\Support\IntrusiveList.h">
      <Filter>Header Files</Filter>
    </ClInclude>
    <ClInclude Include="include\Support\Container\HashMap.h">
      <Filter>Header Files</Filter>
    </ClInclude>
    <ClInclude Include="include\Support\Hash.h">
      <Filter>Header Files</Filter>
    </ClInclude>
    <ClInclude Include="include\Support\Pair.h">
      <Filter>Header Files</Filter>
    </ClInclude>
    <ClInclude Include="include\IR\NamedObject.h">
      <Filter>Header Files</Filter>
    </ClInclude>
    <ClInclude Include="include\IR\Type.h">
      <Filter>Header Files</Filter>
    </ClInclude>
    <ClInclude Include="include\Support\SafeMath.h">
      <Filter>Header Files</Filter>
    </ClInclude>
    <ClInclude Include="include\IR\Import.h">
      <Filter>Header Files</Filter>
    </ClInclude>
    <ClInclude Include="include\IR\FunctionSignature.h">
      <Filter>Header Files</Filter>
    </ClInclude>
    <ClInclude Include="include\IR\Definition.h">
      <Filter>Header Files</Filter>
    </ClInclude>
    <ClInclude Include="include\IR\Module.h">
      <Filter>Header Files</Filter>
    </ClInclude>
    <ClInclude Include="include\IR\GlobalVariable.h">
      <Filter>Header Files</Filter>
    </ClInclude>
    <ClInclude Include="include\IR\GlobalFunction.h">
      <Filter>Header Files</Filter>
    </ClInclude>
    <ClInclude Include="include\IR\Struct.h">
      <Filter>Header Files</Filter>
    </ClInclude>
    <ClInclude Include="include\IR\Interface.h">
      <Filter>Header Files</Filter>
    </ClInclude>
    <ClInclude Include="include\IR\Enum.h">
      <Filter>Header Files</Filter>
    </ClInclude>
    <ClInclude Include="include\IR\Class.h">
      <Filter>Header Files</Filter>
    </ClInclude>
    <ClInclude Include="include\IR\Export.h">
      <Filter>Header Files</Filter>
    </ClInclude>
    <ClInclude Include="include\Support\Threading\Dataflow.h">
      <Filter>Header Files</Filter>
    </ClInclude>
    <ClInclude Include="include\Support\Container\CascadeBloomFilter.h">
      <Filter>Header Files</Filter>
    </ClInclude>
    <ClInclude Include="include\Support\Container\BloomFilter.h">
      <Filter>Header Files</Filter>
    </ClInclude>
    <ClInclude Include="include\IR\ImportBloomFilter.h">
      <Filter>Header Files</Filter>
    </ClInclude>
    <ClInclude Include="include\IR\Compiler\IRBuilder.h">
      <Filter>Header Files</Filter>
    </ClInclude>
    <ClInclude Include="include\IR\Compiler\NameResolver.h">
      <Filter>Header Files</Filter>
    </ClInclude>
    <ClInclude Include="include\IR\Compiler\LayoutBuilder.h">
      <Filter>Header Files</Filter>
    </ClInclude>
    <ClInclude Include="include\IR\Compiler\PrepareDataflow.h">
      <Filter>Header Files</Filter>
    </ClInclude>
    <ClInclude Include="include\IR\Compiler\InstrCompiler.h">
      <Filter>Header Files</Filter>
    </ClInclude>
    <ClInclude Include="include\IR\Compiler\ModuleInstrCompiler.h">
      <Filter>Header Files</Filter>
    </ClInclude>
    <ClInclude Include="include\IR\Compiler\InstrCompilerCommon.h">
      <Filter>Header Files</Filter>
    </ClInclude>
    <ClInclude Include="include\IR\Instr\FunctionFrame.h">
      <Filter>Header Files</Filter>
    </ClInclude>
    <ClInclude Include="include\IR\Instr\Type.h">
      <Filter>Header Files</Filter>
    </ClInclude>
    <ClInclude Include="include\IR\Instr\Instr.h">
      <Filter>Header Files</Filter>
    </ClInclude>
    <ClInclude Include="include\IR\Instr\BasicBlock.h">
      <Filter>Header Files</Filter>
    </ClInclude>
    <ClInclude Include="include\IR\Compiler\LexicalScope.h">
      <Filter>Header Files</Filter>
    </ClInclude>
    <ClInclude Include="include\IR\Compiler\ControlFlow.h">
      <Filter>Header Files</Filter>
    </ClInclude>
    <ClInclude Include="include\IR\Instr\Coercion.h">
      <Filter>Header Files</Filter>
    </ClInclude>
    <ClInclude Include="include\IR\Compiler\CompilerValue.h">
      <Filter>Header Files</Filter>
    </ClInclude>
    <ClInclude Include="include\IR\Instr\Builtin.h">
      <Filter>Header Files</Filter>
    </ClInclude>
    <ClInclude Include="include\IR\Instr\Compare.h">
      <Filter>Header Files</Filter>
    </ClInclude>
    <ClInclude Include="include\Backend\Backend.h">
      <Filter>Header Files</Filter>
    </ClInclude>
    <ClInclude Include="include\Support\Format.h">
      <Filter>Header Files</Filter>
    </ClInclude>
    <ClInclude Include="include\Backend\LLVM\LLVMBackend.h">
      <Filter>Header Files</Filter>
    </ClInclude>
    <ClInclude Include="include\Backend\LLVM\LLVMContext.h">
      <Filter>Header Files</Filter>
    </ClInclude>
    <ClInclude Include="include\Backend\LLVM\LLVMModule.h">
      <Filter>Header Files</Filter>
    </ClInclude>
    <ClInclude Include="include\Backend\LLVM\Common.h">
      <Filter>Header Files</Filter>
    </ClInclude>
    <ClInclude Include="include\Backend\LLVM\FunctionCompiler.h">
      <Filter>Header Files</Filter>
    </ClInclude>
    <ClInclude Include="include\Backend\LLVM\ModuleArchive.h">
      <Filter>Header Files</Filter>
    </ClInclude>
    <ClInclude Include="include\Backend\BackendModuleInfo.h">
      <Filter>Header Files</Filter>
    </ClInclude>
    <ClInclude Include="include\Backend\LLVM\LLVMModuleInfo.h">
      <Filter>Header Files</Filter>
    </ClInclude>
    <ClInclude Include="include\Backend\LLVM\LLVMCompileTarget.h">
      <Filter>Header Files</Filter>
    </ClInclude>
    <ClInclude Include="include\Pipeline\ModuleExportTableCallback.h">
      <Filter>Header Files</Filter>
    </ClInclude>
    <ClInclude Include="include\Backend\LLVM\JIT\JITEngine.h">
      <Filter>Header Files</Filter>
    </ClInclude>
    <ClInclude Include="include\Backend\LLVM\CompilationTarget.h">
      <Filter>Header Files</Filter>
    </ClInclude>
    <ClInclude Include="include\Backend\LLVM\ClassLayout.h">
      <Filter>Header Files</Filter>
    </ClInclude>
    <ClInclude Include="include\Backend\LLVM\InterfaceLayout.h">
      <Filter>Header Files</Filter>
    </ClInclude>
    <ClInclude Include="include\IR\Compiler\MatchTree.h">
      <Filter>Header Files</Filter>
    </ClInclude>
    <ClInclude Include="include\IR\Compiler\MatchTreeCompiler.h">
      <Filter>Header Files</Filter>
    </ClInclude>
  </ItemGroup>
  <ItemGroup>
    <None Include="include\Pipeline\ProjectSettingsParseErrors.inc">
      <Filter>Header Files</Filter>
    </None>
    <None Include="include\Parser\LexerErrors.inc">
      <Filter>Header Files</Filter>
    </None>
    <None Include="include\Parser\TokenTypes.inc">
      <Filter>Header Files</Filter>
    </None>
    <None Include="include\Parser\ParserErrors.inc">
      <Filter>Header Files</Filter>
    </None>
    <None Include="include\IR\Instr\PrimTypes.inc">
      <Filter>Header Files</Filter>
    </None>
    <None Include="include\IR\Instr\PrimCompare.inc">
      <Filter>Header Files</Filter>
    </None>
    <None Include="src\localization.inc">
      <Filter>Header Files</Filter>
    </None>
  </ItemGroup>
  <ItemGroup>
    <CustomBuild Include="src\lexx\lexer.lexx" />
    <CustomBuild Include="src\parsx\parser.parsx" />
  </ItemGroup>
</Project>